
Microsoft Visual Studio Solution File, Format Version 12.00
# Visual Studio Version 17
VisualStudioVersion = 17.3.32922.545
MinimumVisualStudioVersion = 10.0.40219.1
Project("{9A19103F-16F7-4668-BE54-9A1E7A4F7556}") = "ProdutoAPI", "ProdutoAPI\ProdutoAPI.csproj", "{7062F326-DE53-4391-A7EF-C6AE80F247AE}"
EndProject
Project("{FAE04EC0-301F-11D3-BF4B-00C04F79EFBC}") = "ProdutoAPI.Tests", "ProdutoAPI.Tests\ProdutoAPI.Tests.csproj", "{977A14A0-4350-451F-BE7D-1651D26CBC0F}"
EndProject
Global
	GlobalSection(SolutionConfigurationPlatforms) = preSolution
		Debug|Any CPU = Debug|Any CPU
		Release|Any CPU = Release|Any CPU
	EndGlobalSection
	GlobalSection(ProjectConfigurationPlatforms) = postSolution
		{7062F326-DE53-4391-A7EF-C6AE80F247AE}.Debug|Any CPU.ActiveCfg = Debug|Any CPU
		{7062F326-DE53-4391-A7EF-C6AE80F247AE}.Debug|Any CPU.Build.0 = Debug|Any CPU
		{7062F326-DE53-4391-A7EF-C6AE80F247AE}.Release|Any CPU.ActiveCfg = Release|Any CPU
		{7062F326-DE53-4391-A7EF-C6AE80F247AE}.Release|Any CPU.Build.0 = Release|Any CPU
		{977A14A0-4350-451F-BE7D-1651D26CBC0F}.Debug|Any CPU.ActiveCfg = Debug|Any CPU
		{977A14A0-4350-451F-BE7D-1651D26CBC0F}.Debug|Any CPU.Build.0 = Debug|Any CPU
		{977A14A0-4350-451F-BE7D-1651D26CBC0F}.Release|Any CPU.ActiveCfg = Release|Any CPU
		{977A14A0-4350-451F-BE7D-1651D26CBC0F}.Release|Any CPU.Build.0 = Release|Any CPU
	EndGlobalSection
	GlobalSection(SolutionProperties) = preSolution
		HideSolutionNode = FALSE
	EndGlobalSection
	GlobalSection(ExtensibilityGlobals) = postSolution
		SolutionGuid = {9B37E1AF-8D39-420A-8EC8-9EA30F7DAE1B}
	EndGlobalSection
EndGlobal
